
Microsoft Visual Studio Solution File, Format Version 12.00
# Visual Studio Version 16
VisualStudioVersion = 16.0.30907.101
MinimumVisualStudioVersion = 10.0.40219.1
Project("{FAE04EC0-301F-11D3-BF4B-00C04F79EFBC}") = "Packing", "Packing\Packing.csproj", "{C4E1F389-047C-4D7D-9ECD-9DFACD1AB486}"
EndProject
Global
	GlobalSection(SolutionConfigurationPlatforms) = preSolution
		Debug|Any CPU = Debug|Any CPU
		Release|Any CPU = Release|Any CPU
	EndGlobalSection
	GlobalSection(ProjectConfigurationPlatforms) = postSolution
		{C4E1F389-047C-4D7D-9ECD-9DFACD1AB486}.Debug|Any CPU.ActiveCfg = Debug|Any CPU
		{C4E1F389-047C-4D7D-9ECD-9DFACD1AB486}.Debug|Any CPU.Build.0 = Debug|Any CPU
		{C4E1F389-047C-4D7D-9ECD-9DFACD1AB486}.Release|Any CPU.ActiveCfg = Release|Any CPU
		{C4E1F389-047C-4D7D-9ECD-9DFACD1AB486}.Release|Any CPU.Build.0 = Release|Any CPU
	EndGlobalSection
	GlobalSection(SolutionProperties) = preSolution
		HideSolutionNode = FALSE
	EndGlobalSection
	GlobalSection(ExtensibilityGlobals) = postSolution
		SolutionGuid = {A31EFADA-B2BC-4012-886A-6837829F9209}
	EndGlobalSection
EndGlobal
